PODS:
  - Alamofire (5.6.2)
  - ImageSlideshow/Core (1.9.2)
  - ImageSlideshow/SDWebImage (1.9.2):
    - ImageSlideshow/Core
    - SDWebImage (>= 3.7)
  - SDWebImage (5.13.4):
    - SDWebImage/Core (= 5.13.4)
  - SDWebImage/Core (5.13.4)
  - SnapKit (5.6.0)
  - SwiftyJSON (5.0.1)

DEPENDENCIES:
  - Alamofire
  - ImageSlideshow/SDWebImage
  - SnapKit
  - SwiftyJSON

SPEC REPOS:
  trunk:
    - Alamofire
    - ImageSlideshow
    - SDWebImage
    - SnapKit
    - SwiftyJSON

SPEC CHECKSUMS:
  Alamofire: d368e1ff8a298e6dde360e35a3e68e6c610e7204
  ImageSlideshow: be305b54eaf2b2cfc7a7141c7c734605d44dc07d
  SDWebImage: e5cc87bf736e60f49592f307bdf9e157189298a3
  SnapKit: e01d52ebb8ddbc333eefe2132acf85c8227d9c25
  SwiftyJSON: 2f33a42c6fbc52764d96f13368585094bfd8aa5e

PODFILE CHECKSUM: c7e0c9d9e2436592befd262ef88a46071252cac8

COCOAPODS: 1.11.3
